// !$*UTF8*$!
{
	archiveVersion = 1;
	classes = {
	};
	objectVersion = 52;
	objects = {

/* Begin PBXBuildFile section */
		839B49E02596755C00F2A443 /* Alamofire in Frameworks */ = {isa = PBXBuildFile; productRef = 839B49DF2596755C00F2A443 /* Alamofire */; };
		839B49E42596759400F2A443 /* SwiftyJSON in Frameworks */ = {isa = PBXBuildFile; productRef = 839B49E32596759400F2A443 /* SwiftyJSON */; };
		839B49E8259675F000F2A443 /* SDWebImage in Frameworks */ = {isa = PBXBuildFile; productRef = 839B49E7259675F000F2A443 /* SDWebImage */; };
		839B49EA259675F000F2A443 /* SDWebImageMapKit in Frameworks */ = {isa = PBXBuildFile; productRef = 839B49E9259675F000F2A443 /* SDWebImageMapKit */; };
		839B49EE2596761C00F2A443 /* SDWebImageSwiftUI in Frameworks */ = {isa = PBXBuildFile; productRef = 839B49ED2596761C00F2A443 /* SDWebImageSwiftUI */; };
		83A4A4E3259254A900FF6B9C /* AppDelegate.swift in Sources */ = {isa = PBXBuildFile; fileRef = 83A4A4E2259254A900FF6B9C /* AppDelegate.swift */; };
		83A4A4E5259254A900FF6B9C /* SceneDelegate.swift in Sources */ = {isa = PBXBuildFile; fileRef = 83A4A4E4259254A900FF6B9C /* SceneDelegate.swift */; };
		83A4A4E7259254A900FF6B9C /* ContentView.swift in Sources */ = {isa = PBXBuildFile; fileRef = 83A4A4E6259254A900FF6B9C /* ContentView.swift */; };
		83A4A4E9259254AC00FF6B9C /* Assets.xcassets in Resources */ = {isa = PBXBuildFile; fileRef = 83A4A4E8259254AC00FF6B9C /* Assets.xcassets */; };
		83A4A4EC259254AC00FF6B9C /* Preview Assets.xcassets in Resources */ = {isa = PBXBuildFile; fileRef = 83A4A4EB259254AC00FF6B9C /* Preview Assets.xcassets */; };
		83A4A4EF259254AC00FF6B9C /* LaunchScreen.storyboard in Resources */ = {isa = PBXBuildFile; fileRef = 83A4A4ED259254AC00FF6B9C /* LaunchScreen.storyboard */; };
		83A4A4FB2592994400FF6B9C /* ProductsView.swift in Sources */ = {isa = PBXBuildFile; fileRef = 83A4A4FA2592994400FF6B9C /* ProductsView.swift */; };
/* End PBXBuildFile section */

/* Begin PBXFileReference section */
		83A4A4DF259254A900FF6B9C /* hizligeliyo.app */ = {isa = PBXFileReference; explicitFileType = wrapper.application; includeInIndex = 0; path = hizligeliyo.app; sourceTree = BUILT_PRODUCTS_DIR; };
		83A4A4E2259254A900FF6B9C /* AppDelegate.swift */ = {isa = PBXFileReference; lastKnownFileType = sourcecode.swift; path = AppDelegate.swift; sourceTree = "<group>"; };
		83A4A4E4259254A900FF6B9C /* SceneDelegate.swift */ = {isa = PBXFileReference; lastKnownFileType = sourcecode.swift; path = SceneDelegate.swift; sourceTree = "<group>"; };
		83A4A4E6259254A900FF6B9C /* ContentView.swift */ = {isa = PBXFileReference; lastKnownFileType = sourcecode.swift; path = ContentView.swift; sourceTree = "<group>"; };
		83A4A4E8259254AC00FF6B9C /* Assets.xcassets */ = {isa = PBXFileReference; lastKnownFileType = folder.assetcatalog; path = Assets.xcassets; sourceTree = "<group>"; };
		83A4A4EB259254AC00FF6B9C /* Preview Assets.xcassets */ = {isa = PBXFileReference; lastKnownFileType = folder.assetcatalog; path = "Preview Assets.xcassets"; sourceTree = "<group>"; };
		83A4A4EE259254AC00FF6B9C /* Base */ = {isa = PBXFileReference; lastKnownFileType = file.storyboard; name = Base; path = Base.lproj/LaunchScreen.storyboard; sourceTree = "<group>"; };
		83A4A4F0259254AC00FF6B9C /* Info.plist */ = {isa = PBXFileReference; lastKnownFileType = text.plist.xml; path = Info.plist; sourceTree = "<group>"; };
		83A4A4FA2592994400FF6B9C /* ProductsView.swift */ = {isa = PBXFileReference; lastKnownFileType = sourcecode.swift; path = ProductsView.swift; sourceTree = "<group>"; };
/* End PBXFileReference section */

/* Begin PBXFrameworksBuildPhase section */
		83A4A4DC259254A900FF6B9C /* Frameworks */ = {
			isa = PBXFrameworksBuildPhase;
			buildActionMask = 2147483647;
			files = (
				839B49EE2596761C00F2A443 /* SDWebImageSwiftUI in Frameworks */,
				839B49E8259675F000F2A443 /* SDWebImage in Frameworks */,
				839B49E42596759400F2A443 /* SwiftyJSON in Frameworks */,
				839B49EA259675F000F2A443 /* SDWebImageMapKit in Frameworks */,
				839B49E02596755C00F2A443 /* Alamofire in Frameworks */,
			);
			runOnlyForDeploymentPostprocessing = 0;
		};
/* End PBXFrameworksBuildPhase section */

/* Begin PBXGroup section */
		83A4A4D6259254A900FF6B9C = {
			isa = PBXGroup;
			children = (
				83A4A4E1259254A900FF6B9C /* hizligeliyo */,
				83A4A4E0259254A900FF6B9C /* Products */,
			);
			sourceTree = "<group>";
		};
		83A4A4E0259254A900FF6B9C /* Products */ = {
			isa = PBXGroup;
			children = (
				83A4A4DF259254A900FF6B9C /* hizligeliyo.app */,
			);
			name = Products;
			sourceTree = "<group>";
		};
		83A4A4E1259254A900FF6B9C /* hizligeliyo */ = {
			isa = PBXGroup;
			children = (
				83A4A4E2259254A900FF6B9C /* AppDelegate.swift */,
				83A4A4E4259254A900FF6B9C /* SceneDelegate.swift */,
				83A4A4E6259254A900FF6B9C /* ContentView.swift */,
				83A4A4FA2592994400FF6B9C /* ProductsView.swift */,
				83A4A4E8259254AC00FF6B9C /* Assets.xcassets */,
				83A4A4ED259254AC00FF6B9C /* LaunchScreen.storyboard */,
				83A4A4F0259254AC00FF6B9C /* Info.plist */,
				83A4A4EA259254AC00FF6B9C /* Preview Content */,
			);
			path = hizligeliyo;
			sourceTree = "<group>";
		};
		83A4A4EA259254AC00FF6B9C /* Preview Content */ = {
			isa = PBXGroup;
			children = (
				83A4A4EB259254AC00FF6B9C /* Preview Assets.xcassets */,
			);
			path = "Preview Content";
			sourceTree = "<group>";
		};
/* End PBXGroup section */

/* Begin PBXNativeTarget section */
		83A4A4DE259254A900FF6B9C /* hizligeliyo */ = {
			isa = PBXNativeTarget;
			buildConfigurationList = 83A4A4F3259254AC00FF6B9C /* Build configuration list for PBXNativeTarget "hizligeliyo" */;
			buildPhases = (
				83A4A4DB259254A900FF6B9C /* Sources */,
				83A4A4DC259254A900FF6B9C /* Frameworks */,
				83A4A4DD259254A900FF6B9C /* Resources */,
			);
			buildRules = (
			);
			dependencies = (
			);
			name = hizligeliyo;
			packageProductDependencies = (
				839B49DF2596755C00F2A443 /* Alamofire */,
				839B49E32596759400F2A443 /* SwiftyJSON */,
				839B49E7259675F000F2A443 /* SDWebImage */,
				839B49E9259675F000F2A443 /* SDWebImageMapKit */,
				839B49ED2596761C00F2A443 /* SDWebImageSwiftUI */,
			);
			productName = hizligeliyo;
			productReference = 83A4A4DF259254A900FF6B9C /* hizligeliyo.app */;
			productType = "com.apple.product-type.application";
		};
/* End PBXNativeTarget section */

/* Begin PBXProject section */
		83A4A4D7259254A900FF6B9C /* Project object */ = {
			isa = PBXProject;
			attributes = {
				LastSwiftUpdateCheck = 1220;
				LastUpgradeCheck = 1220;
				TargetAttributes = {
					83A4A4DE259254A900FF6B9C = {
						CreatedOnToolsVersion = 12.2;
					};
				};
			};
			buildConfigurationList = 83A4A4DA259254A900FF6B9C /* Build configuration list for PBXProject "hizligeliyo" */;
			compatibilityVersion = "Xcode 9.3";
			developmentRegion = en;
			hasScannedForEncodings = 0;
			knownRegions = (
				en,
				Base,
			);
			mainGroup = 83A4A4D6259254A900FF6B9C;
			packageReferences = (
				839B49DE2596755C00F2A443 /* XCRemoteSwiftPackageReference "Alamofire" */,
				839B49E22596759400F2A443 /* XCRemoteSwiftPackageReference "SwiftyJSON" */,
				839B49E6259675F000F2A443 /* XCRemoteSwiftPackageReference "SDWebImage" */,
				839B49EC2596761C00F2A443 /* XCRemoteSwiftPackageReference "SDWebImageSwiftUI" */,
			);
			productRefGroup = 83A4A4E0259254A900FF6B9C /* Products */;
			projectDirPath = "";
			projectRoot = "";
			targets = (
				83A4A4DE259254A900FF6B9C /* hizligeliyo */,
			);
		};
/* End PBXProject section */

/* Begin PBXResourcesBuildPhase section */
		83A4A4DD259254A900FF6B9C /* Resources */ = {
			isa = PBXResourcesBuildPhase;
			buildActionMask = 2147483647;
			files = (
				83A4A4EF259254AC00FF6B9C /* LaunchScreen.storyboard in Resources */,
				83A4A4EC259254AC00FF6B9C /* Preview Assets.xcassets in Resources */,
				83A4A4E9259254AC00FF6B9C /* Assets.xcassets in Resources */,
			);
			runOnlyForDeploymentPostprocessing = 0;
		};
/* End PBXResourcesBuildPhase section */

/* Begin PBXSourcesBuildPhase section */
		83A4A4DB259254A900FF6B9C /* Sources */ = {
			isa = PBXSourcesBuildPhase;
			buildActionMask = 2147483647;
			files = (
				83A4A4FB2592994400FF6B9C /* ProductsView.swift in Sources */,
				83A4A4E3259254A900FF6B9C /* AppDelegate.swift in Sources */,
				83A4A4E5259254A900FF6B9C /* SceneDelegate.swift in Sources */,
				83A4A4E7259254A900FF6B9C /* ContentView.swift in Sources */,
			);
			runOnlyForDeploymentPostprocessing = 0;
		};
/* End PBXSourcesBuildPhase section */

/* Begin PBXVariantGroup section */
		83A4A4ED259254AC00FF6B9C /* LaunchScreen.storyboard */ = {
			isa = PBXVariantGroup;
			children = (
				83A4A4EE259254AC00FF6B9C /* Base */,
			);
			name = LaunchScreen.storyboard;
			sourceTree = "<group>";
		};
/* End PBXVariantGroup section */

/* Begin XCBuildConfiguration section */
		83A4A4F1259254AC00FF6B9C /* Debug */ = {
			isa = XCBuildConfiguration;
			buildSettings = {
				ALWAYS_SEARCH_USER_PATHS = NO;
				CLANG_ANALYZER_NONNULL = YES;
				CLANG_ANALYZER_NUMBER_OBJECT_CONVERSION = YES_AGGRESSIVE;
				CLANG_CXX_LANGUAGE_STANDARD = "gnu++14";
				CLANG_CXX_LIBRARY = "libc++";
				CLANG_ENABLE_MODULES = YES;
				CLANG_ENABLE_OBJC_ARC = YES;
				CLANG_ENABLE_OBJC_WEAK = YES;
				CLANG_WARN_BLOCK_CAPTURE_AUTORELEASING = YES;
				CLANG_WARN_BOOL_CONVERSION = YES;
				CLANG_WARN_COMMA = YES;
				CLANG_WARN_CONSTANT_CONVERSION = YES;
				CLANG_WARN_DEPRECATED_OBJC_IMPLEMENTATIONS = YES;
				CLANG_WARN_DIRECT_OBJC_ISA_USAGE = YES_ERROR;
				CLANG_WARN_DOCUMENTATION_COMMENTS = YES;
				CLANG_WARN_EMPTY_BODY = YES;
				CLANG_WARN_ENUM_CONVERSION = YES;
				CLANG_WARN_INFINITE_RECURSION = YES;
				CLANG_WARN_INT_CONVERSION = YES;
				CLANG_WARN_NON_LITERAL_NULL_CONVERSION = YES;
				CLANG_WARN_OBJC_IMPLICIT_RETAIN_SELF = YES;
				CLANG_WARN_OBJC_LITERAL_CONVERSION = YES;
				CLANG_WARN_OBJC_ROOT_CLASS = YES_ERROR;
				CLANG_WARN_QUOTED_INCLUDE_IN_FRAMEWORK_HEADER = YES;
				CLANG_WARN_RANGE_LOOP_ANALYSIS = YES;
				CLANG_WARN_STRICT_PROTOTYPES = YES;
				CLANG_WARN_SUSPICIOUS_MOVE = YES;
				CLANG_WARN_UNGUARDED_AVAILABILITY = YES_AGGRESSIVE;
				CLANG_WARN_UNREACHABLE_CODE = YES;
				CLANG_WARN__DUPLICATE_METHOD_MATCH = YES;
				COPY_PHASE_STRIP = NO;
				DEBUG_INFORMATION_FORMAT = dwarf;
				ENABLE_STRICT_OBJC_MSGSEND = YES;
				ENABLE_TESTABILITY = YES;
				GCC_C_LANGUAGE_STANDARD = gnu11;
				GCC_DYNAMIC_NO_PIC = NO;
				GCC_NO_COMMON_BLOCKS = YES;
				GCC_OPTIMIZATION_LEVEL = 0;
				GCC_PREPROCESSOR_DEFINITIONS = (
					"DEBUG=1",
					"$(inherited)",
				);
				GCC_WARN_64_TO_32_BIT_CONVERSION = YES;
				GCC_WARN_ABOUT_RETURN_TYPE = YES_ERROR;
				GCC_WARN_UNDECLARED_SELECTOR = YES;
				GCC_WARN_UNINITIALIZED_AUTOS = YES_AGGRESSIVE;
				GCC_WARN_UNUSED_FUNCTION = YES;
				GCC_WARN_UNUSED_VARIABLE = YES;
				IPHONEOS_DEPLOYMENT_TARGET = 14.2;
				MTL_ENABLE_DEBUG_INFO = INCLUDE_SOURCE;
				MTL_FAST_MATH = YES;
				ONLY_ACTIVE_ARCH = YES;
				SDKROOT = iphoneos;
				SWIFT_ACTIVE_COMPILATION_CONDITIONS = DEBUG;
				SWIFT_OPTIMIZATION_LEVEL = "-Onone";
			};
			name = Debug;
		};
		83A4A4F2259254AC00FF6B9C /* Release */ = {
			isa = XCBuildConfiguration;
			buildSettings = {
				ALWAYS_SEARCH_USER_PATHS = NO;
				CLANG_ANALYZER_NONNULL = YES;
				CLANG_ANALYZER_NUMBER_OBJECT_CONVERSION = YES_AGGRESSIVE;
				CLANG_CXX_LANGUAGE_STANDARD = "gnu++14";
				CLANG_CXX_LIBRARY = "libc++";
				CLANG_ENABLE_MODULES = YES;
				CLANG_ENABLE_OBJC_ARC = YES;
				CLANG_ENABLE_OBJC_WEAK = YES;
				CLANG_WARN_BLOCK_CAPTURE_AUTORELEASING = YES;
				CLANG_WARN_BOOL_CONVERSION = YES;
				CLANG_WARN_COMMA = YES;
				CLANG_WARN_CONSTANT_CONVERSION = YES;
				CLANG_WARN_DEPRECATED_OBJC_IMPLEMENTATIONS = YES;
				CLANG_WARN_DIRECT_OBJC_ISA_USAGE = YES_ERROR;
				CLANG_WARN_DOCUMENTATION_COMMENTS = YES;
				CLANG_WARN_EMPTY_BODY = YES;
				CLANG_WARN_ENUM_CONVERSION = YES;
				CLANG_WARN_INFINITE_RECURSION = YES;
				CLANG_WARN_INT_CONVERSION = YES;
				CLANG_WARN_NON_LITERAL_NULL_CONVERSION = YES;
				CLANG_WARN_OBJC_IMPLICIT_RETAIN_SELF = YES;
				CLANG_WARN_OBJC_LITERAL_CONVERSION = YES;
				CLANG_WARN_OBJC_ROOT_CLASS = YES_ERROR;
				CLANG_WARN_QUOTED_INCLUDE_IN_FRAMEWORK_HEADER = YES;
				CLANG_WARN_RANGE_LOOP_ANALYSIS = YES;
				CLANG_WARN_STRICT_PROTOTYPES = YES;
				CLANG_WARN_SUSPICIOUS_MOVE = YES;
				CLANG_WARN_UNGUARDED_AVAILABILITY = YES_AGGRESSIVE;
				CLANG_WARN_UNREACHABLE_CODE = YES;
				CLANG_WARN__DUPLICATE_METHOD_MATCH = YES;
				COPY_PHASE_STRIP = NO;
				DEBUG_INFORMATION_FORMAT = "dwarf-with-dsym";
				ENABLE_NS_ASSERTIONS = NO;
				ENABLE_STRICT_OBJC_MSGSEND = YES;
				GCC_C_LANGUAGE_STANDARD = gnu11;
				GCC_NO_COMMON_BLOCKS = YES;
				GCC_WARN_64_TO_32_BIT_CONVERSION = YES;
				GCC_WARN_ABOUT_RETURN_TYPE = YES_ERROR;
				GCC_WARN_UNDECLARED_SELECTOR = YES;
				GCC_WARN_UNINITIALIZED_AUTOS = YES_AGGRESSIVE;
				GCC_WARN_UNUSED_FUNCTION = YES;
				GCC_WARN_UNUSED_VARIABLE = YES;
				IPHONEOS_DEPLOYMENT_TARGET = 14.2;
				MTL_ENABLE_DEBUG_INFO = NO;
				MTL_FAST_MATH = YES;
				SDKROOT = iphoneos;
				SWIFT_COMPILATION_MODE = wholemodule;
				SWIFT_OPTIMIZATION_LEVEL = "-O";
				VALIDATE_PRODUCT = YES;
			};
			name = Release;
		};
		83A4A4F4259254AC00FF6B9C /* Debug */ = {
			isa = XCBuildConfiguration;
			buildSettings = {
				ASSETCATALOG_COMPILER_APPICON_NAME = AppIcon;
				ASSETCATALOG_COMPILER_GLOBAL_ACCENT_COLOR_NAME = AccentColor;
				CODE_SIGN_STYLE = Automatic;
				DEVELOPMENT_ASSET_PATHS = "\"hizligeliyo/Preview Content\"";
				ENABLE_PREVIEWS = YES;
				INFOPLIST_FILE = hizligeliyo/Info.plist;
				LD_RUNPATH_SEARCH_PATHS = (
					"$(inherited)",
					"@executable_path/Frameworks",
				);
				PRODUCT_BUNDLE_IDENTIFIER = initapp.hizligeliyo;
				PRODUCT_NAME = "$(TARGET_NAME)";
				SWIFT_VERSION = 5.0;
				TARGETED_DEVICE_FAMILY = "1,2";
			};
			name = Debug;
		};
		83A4A4F5259254AC00FF6B9C /* Release */ = {
			isa = XCBuildConfiguration;
			buildSettings = {
				ASSETCATALOG_COMPILER_APPICON_NAME = AppIcon;
				ASSETCATALOG_COMPILER_GLOBAL_ACCENT_COLOR_NAME = AccentColor;
				CODE_SIGN_STYLE = Automatic;
				DEVELOPMENT_ASSET_PATHS = "\"hizligeliyo/Preview Content\"";
				ENABLE_PREVIEWS = YES;
				INFOPLIST_FILE = hizligeliyo/Info.plist;
				LD_RUNPATH_SEARCH_PATHS = (
					"$(inherited)",
					"@executable_path/Frameworks",
				);
				PRODUCT_BUNDLE_IDENTIFIER = initapp.hizligeliyo;
				PRODUCT_NAME = "$(TARGET_NAME)";
				SWIFT_VERSION = 5.0;
				TARGETED_DEVICE_FAMILY = "1,2";
			};
			name = Release;
		};
/* End XCBuildConfiguration section */

/* Begin XCConfigurationList section */
		83A4A4DA259254A900FF6B9C /* Build configuration list for PBXProject "hizligeliyo" */ = {
			isa = XCConfigurationList;
			buildConfigurations = (
				83A4A4F1259254AC00FF6B9C /* Debug */,
				83A4A4F2259254AC00FF6B9C /* Release */,
			);
			defaultConfigurationIsVisible = 0;
			defaultConfigurationName = Release;
		};
		83A4A4F3259254AC00FF6B9C /* Build configuration list for PBXNativeTarget "hizligeliyo" */ = {
			isa = XCConfigurationList;
			buildConfigurations = (
				83A4A4F4259254AC00FF6B9C /* Debug */,
				83A4A4F5259254AC00FF6B9C /* Release */,
			);
			defaultConfigurationIsVisible = 0;
			defaultConfigurationName = Release;
		};
/* End XCConfigurationList section */

/* Begin XCRemoteSwiftPackageReference section */
		839B49DE2596755C00F2A443 /* XCRemoteSwiftPackageReference "Alamofire" */ = {
			isa = XCRemoteSwiftPackageReference;
			repositoryURL = "https://github.com/Alamofire/Alamofire";
			requirement = {
				kind = upToNextMajorVersion;
				minimumVersion = 5.4.1;
			};
		};
		839B49E22596759400F2A443 /* XCRemoteSwiftPackageReference "SwiftyJSON" */ = {
			isa = XCRemoteSwiftPackageReference;
			repositoryURL = "https://github.com/SwiftyJSON/SwiftyJSON";
			requirement = {
				kind = upToNextMajorVersion;
				minimumVersion = 5.0.0;
			};
		};
		839B49E6259675F000F2A443 /* XCRemoteSwiftPackageReference "SDWebImage" */ = {
			isa = XCRemoteSwiftPackageReference;
			repositoryURL = "https://github.com/SDWebImage/SDWebImage.git";
			requirement = {
				kind = upToNextMajorVersion;
				minimumVersion = 5.10.1;
			};
		};
		839B49EC2596761C00F2A443 /* XCRemoteSwiftPackageReference "SDWebImageSwiftUI" */ = {
			isa = XCRemoteSwiftPackageReference;
			repositoryURL = "https://github.com/SDWebImage/SDWebImageSwiftUI.git";
			requirement = {
				kind = upToNextMajorVersion;
				minimumVersion = 1.5.0;
			};
		};
/* End XCRemoteSwiftPackageReference section */

/* Begin XCSwiftPackageProductDependency section */
		839B49DF2596755C00F2A443 /* Alamofire */ = {
			isa = XCSwiftPackageProductDependency;
			package = 839B49DE2596755C00F2A443 /* XCRemoteSwiftPackageReference "Alamofire" */;
			productName = Alamofire;
		};
		839B49E32596759400F2A443 /* SwiftyJSON */ = {
			isa = XCSwiftPackageProductDependency;
			package = 839B49E22596759400F2A443 /* XCRemoteSwiftPackageReference "SwiftyJSON" */;
			productName = SwiftyJSON;
		};
		839B49E7259675F000F2A443 /* SDWebImage */ = {
			isa = XCSwiftPackageProductDependency;
			package = 839B49E6259675F000F2A443 /* XCRemoteSwiftPackageReference "SDWebImage" */;
			productName = SDWebImage;
		};
		839B49E9259675F000F2A443 /* SDWebImageMapKit */ = {
			isa = XCSwiftPackageProductDependency;
			package = 839B49E6259675F000F2A443 /* XCRemoteSwiftPackageReference "SDWebImage" */;
			productName = SDWebImageMapKit;
		};
		839B49ED2596761C00F2A443 /* SDWebImageSwiftUI */ = {
			isa = XCSwiftPackageProductDependency;
			package = 839B49EC2596761C00F2A443 /* XCRemoteSwiftPackageReference "SDWebImageSwiftUI" */;
			productName = SDWebImageSwiftUI;
		};
/* End XCSwiftPackageProductDependency section */
	};
	rootObject = 83A4A4D7259254A900FF6B9C /* Project object */;
}
